
Microsoft Visual Studio Solution File, Format Version 12.00
# Visual Studio Version 17
VisualStudioVersion = 17.7.34024.191
MinimumVisualStudioVersion = 10.0.40219.1
Project("{9A19103F-16F7-4668-BE54-9A1E7A4F7556}") = "Cinema_ASP", "WEB1\Cinema_ASP.csproj", "{DD7704C0-5C6D-4798-BEC7-4B65E1920418}"
EndProject
Global
	GlobalSection(SolutionConfigurationPlatforms) = preSolution
		Debug|Any CPU = Debug|Any CPU
		Release|Any CPU = Release|Any CPU
	EndGlobalSection
	GlobalSection(ProjectConfigurationPlatforms) = postSolution
		{DD7704C0-5C6D-4798-BEC7-4B65E1920418}.Debug|Any CPU.ActiveCfg = Debug|Any CPU
		{DD7704C0-5C6D-4798-BEC7-4B65E1920418}.Debug|Any CPU.Build.0 = Debug|Any CPU
		{DD7704C0-5C6D-4798-BEC7-4B65E1920418}.Release|Any CPU.ActiveCfg = Release|Any CPU
		{DD7704C0-5C6D-4798-BEC7-4B65E1920418}.Release|Any CPU.Build.0 = Release|Any CPU
	EndGlobalSection
	GlobalSection(SolutionProperties) = preSolution
		HideSolutionNode = FALSE
	EndGlobalSection
	GlobalSection(ExtensibilityGlobals) = postSolution
		SolutionGuid = {3D42C41C-8701-4F38-ADAE-D1FBA7813AEB}
	EndGlobalSection
EndGlobal
